// !$*UTF8*$!
{
	archiveVersion = 1;
	classes = {
	};
	objectVersion = 46;
	objects = {

/* Begin PBXBuildFile section */
		8B34A07A1E6AB4AC007061D5 /* CellForRowTableView.swift in Sources */ = {isa = PBXBuildFile; fileRef = 8B34A0791E6AB4AC007061D5 /* CellForRowTableView.swift */; };
		8B34A07C1E6AB955007061D5 /* FavoriteMoviesController.swift in Sources */ = {isa = PBXBuildFile; fileRef = 8B34A07B1E6AB955007061D5 /* FavoriteMoviesController.swift */; };
		8B34A07F1E6ACD14007061D5 /* FavoriteMovies+CoreDataClass.swift in Sources */ = {isa = PBXBuildFile; fileRef = 8B34A07D1E6ACD14007061D5 /* FavoriteMovies+CoreDataClass.swift */; };
		8B34A0801E6ACD14007061D5 /* FavoriteMovies+CoreDataProperties.swift in Sources */ = {isa = PBXBuildFile; fileRef = 8B34A07E1E6ACD14007061D5 /* FavoriteMovies+CoreDataProperties.swift */; };
		8B34A08B1E6C2303007061D5 /* ReminderMovies+CoreDataClass.swift in Sources */ = {isa = PBXBuildFile; fileRef = 8B34A0891E6C2303007061D5 /* ReminderMovies+CoreDataClass.swift */; };
		8B34A08C1E6C2303007061D5 /* ReminderMovies+CoreDataProperties.swift in Sources */ = {isa = PBXBuildFile; fileRef = 8B34A08A1E6C2303007061D5 /* ReminderMovies+CoreDataProperties.swift */; };
		8B44E38D1E6420530097A591 /* EditProfileViewController.swift in Sources */ = {isa = PBXBuildFile; fileRef = 8B44E38C1E6420530097A591 /* EditProfileViewController.swift */; };
		8B5A99731E5C16680016933F /* AppDelegate.swift in Sources */ = {isa = PBXBuildFile; fileRef = 8B5A99721E5C16680016933F /* AppDelegate.swift */; };
		8B5A997B1E5C16680016933F /* Mock_HieuNT52.xcdatamodeld in Sources */ = {isa = PBXBuildFile; fileRef = 8B5A99791E5C16680016933F /* Mock_HieuNT52.xcdatamodeld */; };
		8B5A997D1E5C16680016933F /* Assets.xcassets in Resources */ = {isa = PBXBuildFile; fileRef = 8B5A997C1E5C16680016933F /* Assets.xcassets */; };
		8B5A99801E5C16680016933F /* LaunchScreen.storyboard in Resources */ = {isa = PBXBuildFile; fileRef = 8B5A997E1E5C16680016933F /* LaunchScreen.storyboard */; };
		8B5A998B1E5C16680016933F /* Mock_HieuNT52Tests.swift in Sources */ = {isa = PBXBuildFile; fileRef = 8B5A998A1E5C16680016933F /* Mock_HieuNT52Tests.swift */; };
		8B5A99961E5C16680016933F /* Mock_HieuNT52UITests.swift in Sources */ = {isa = PBXBuildFile; fileRef = 8B5A99951E5C16680016933F /* Mock_HieuNT52UITests.swift */; };
		8B5A99AB1E5C1D5B0016933F /* Extension.swift in Sources */ = {isa = PBXBuildFile; fileRef = 8B5A99AA1E5C1D5B0016933F /* Extension.swift */; };
		8B5A99AE1E5C1D970016933F /* CustomTabBarController.swift in Sources */ = {isa = PBXBuildFile; fileRef = 8B5A99AC1E5C1D970016933F /* CustomTabBarController.swift */; };
		8B5A99B71E5C1F5D0016933F /* MoviesListController.swift in Sources */ = {isa = PBXBuildFile; fileRef = 8B5A99B61E5C1F5D0016933F /* MoviesListController.swift */; };
		8B5A99BA1E5C228B0016933F /* FavoriteMoviesViewController.swift in Sources */ = {isa = PBXBuildFile; fileRef = 8B5A99B91E5C228B0016933F /* FavoriteMoviesViewController.swift */; };
		8B5A99BC1E5C22970016933F /* SettingController.swift in Sources */ = {isa = PBXBuildFile; fileRef = 8B5A99BB1E5C22970016933F /* SettingController.swift */; };
		8B5A99BE1E5C22A20016933F /* AbboutController.swift in Sources */ = {isa = PBXBuildFile; fileRef = 8B5A99BD1E5C22A20016933F /* AbboutController.swift */; };
		8B5A99C31E5C26850016933F /* CellListTypeMovieList.swift in Sources */ = {isa = PBXBuildFile; fileRef = 8B5A99C21E5C26850016933F /* CellListTypeMovieList.swift */; };
		8B5A99C51E5C7BFB0016933F /* Constants.swift in Sources */ = {isa = PBXBuildFile; fileRef = 8B5A99C41E5C7BFB0016933F /* Constants.swift */; };
		8B5A99C71E5C7CF20016933F /* DataHandler.swift in Sources */ = {isa = PBXBuildFile; fileRef = 8B5A99C61E5C7CF20016933F /* DataHandler.swift */; };
		8B5A99C91E5C7FA50016933F /* Movie.swift in Sources */ = {isa = PBXBuildFile; fileRef = 8B5A99C81E5C7FA50016933F /* Movie.swift */; };
		8B5A9A071E5DE7B90016933F /* ViewController+NavBar.swift in Sources */ = {isa = PBXBuildFile; fileRef = 8B5A9A061E5DE7B90016933F /* ViewController+NavBar.swift */; };
		8B5A9A2B1E5E78350016933F /* CellGridTypeMovie.swift in Sources */ = {isa = PBXBuildFile; fileRef = 8B5A9A2A1E5E78350016933F /* CellGridTypeMovie.swift */; };
		8B5A9A311E5E8BF80016933F /* SWRevealViewController.m in Sources */ = {isa = PBXBuildFile; fileRef = 8B5A9A301E5E8BF80016933F /* SWRevealViewController.m */; };
		8B5A9A331E5E8DA20016933F /* UserViewController.swift in Sources */ = {isa = PBXBuildFile; fileRef = 8B5A9A321E5E8DA20016933F /* UserViewController.swift */; };
		8BA932111E6D0444004F5170 /* ReminderMovieViewController.swift in Sources */ = {isa = PBXBuildFile; fileRef = 8BA932101E6D0444004F5170 /* ReminderMovieViewController.swift */; };
		8BA932131E6D04D4004F5170 /* ReminderMovieController.swift in Sources */ = {isa = PBXBuildFile; fileRef = 8BA932121E6D04D4004F5170 /* ReminderMovieController.swift */; };
		8BA932151E6D066F004F5170 /* CellForRowReminderMovie.swift in Sources */ = {isa = PBXBuildFile; fileRef = 8BA932141E6D066F004F5170 /* CellForRowReminderMovie.swift */; };
		8BA932171E6E8F5F004F5170 /* EditProfileController.swift in Sources */ = {isa = PBXBuildFile; fileRef = 8BA932161E6E8F5F004F5170 /* EditProfileController.swift */; };
		8BA932191E6F0C48004F5170 /* User.swift in Sources */ = {isa = PBXBuildFile; fileRef = 8BA932181E6F0C48004F5170 /* User.swift */; };
		8BB43BC31E66BA0E0036E7E6 /* DetailMovieViewController.swift in Sources */ = {isa = PBXBuildFile; fileRef = 8BB43BC21E66BA0E0036E7E6 /* DetailMovieViewController.swift */; };
		8BB43BC51E6842160036E7E6 /* Cast.swift in Sources */ = {isa = PBXBuildFile; fileRef = 8BB43BC41E6842160036E7E6 /* Cast.swift */; };
		8BB43BC71E6858D80036E7E6 /* Prefix.swift in Sources */ = {isa = PBXBuildFile; fileRef = 8BB43BC61E6858D80036E7E6 /* Prefix.swift */; };
		8BB43BC91E6863160036E7E6 /* Crew.swift in Sources */ = {isa = PBXBuildFile; fileRef = 8BB43BC81E6863160036E7E6 /* Crew.swift */; };
		8BB43BEB1E694B820036E7E6 /* DetailMovieController.swift in Sources */ = {isa = PBXBuildFile; fileRef = 8BB43BEA1E694B820036E7E6 /* DetailMovieController.swift */; };
		8BB43BF71E695E290036E7E6 /* CoreDataHandler.swift in Sources */ = {isa = PBXBuildFile; fileRef = 8BB43BF61E695E290036E7E6 /* CoreDataHandler.swift */; };
/* End PBXBuildFile section */

/* Begin PBXContainerItemProxy section */
		8B5A99871E5C16680016933F /* PBXContainerItemProxy */ = {
			isa = PBXContainerItemProxy;
			containerPortal = 8B5A99671E5C16680016933F /* Project object */;
			proxyType = 1;
			remoteGlobalIDString = 8B5A996E1E5C16680016933F;
			remoteInfo = Mock_HieuNT52;
		};
		8B5A99921E5C16680016933F /* PBXContainerItemProxy */ = {
			isa = PBXContainerItemProxy;
			containerPortal = 8B5A99671E5C16680016933F /* Project object */;
			proxyType = 1;
			remoteGlobalIDString = 8B5A996E1E5C16680016933F;
			remoteInfo = Mock_HieuNT52;
		};
/* End PBXContainerItemProxy section */

/* Begin PBXFileReference section */
		8B34A0791E6AB4AC007061D5 /* CellForRowTableView.swift */ = {isa = PBXFileReference; fileEncoding = 4; lastKnownFileType = sourcecode.swift; path = CellForRowTableView.swift; sourceTree = "<group>"; };
		8B34A07B1E6AB955007061D5 /* FavoriteMoviesController.swift */ = {isa = PBXFileReference; fileEncoding = 4; lastKnownFileType = sourcecode.swift; path = FavoriteMoviesController.swift; sourceTree = "<group>"; };
		8B34A07D1E6ACD14007061D5 /* FavoriteMovies+CoreDataClass.swift */ = {isa = PBXFileReference; fileEncoding = 4; lastKnownFileType = sourcecode.swift; path = "FavoriteMovies+CoreDataClass.swift"; sourceTree = "<group>"; };
		8B34A07E1E6ACD14007061D5 /* FavoriteMovies+CoreDataProperties.swift */ = {isa = PBXFileReference; fileEncoding = 4; lastKnownFileType = sourcecode.swift; path = "FavoriteMovies+CoreDataProperties.swift"; sourceTree = "<group>"; };
		8B34A0891E6C2303007061D5 /* ReminderMovies+CoreDataClass.swift */ = {isa = PBXFileReference; fileEncoding = 4; lastKnownFileType = sourcecode.swift; path = "ReminderMovies+CoreDataClass.swift"; sourceTree = "<group>"; };
		8B34A08A1E6C2303007061D5 /* ReminderMovies+CoreDataProperties.swift */ = {isa = PBXFileReference; fileEncoding = 4; lastKnownFileType = sourcecode.swift; path = "ReminderMovies+CoreDataProperties.swift"; sourceTree = "<group>"; };
		8B44E38C1E6420530097A591 /* EditProfileViewController.swift */ = {isa = PBXFileReference; fileEncoding = 4; lastKnownFileType = sourcecode.swift; path = EditProfileViewController.swift; sourceTree = "<group>"; };
		8B5A996F1E5C16680016933F /* Mock_HieuNT52.app */ = {isa = PBXFileReference; explicitFileType = wrapper.application; includeInIndex = 0; path = Mock_HieuNT52.app; sourceTree = BUILT_PRODUCTS_DIR; };
		8B5A99721E5C16680016933F /* AppDelegate.swift */ = {isa = PBXFileReference; lastKnownFileType = sourcecode.swift; path = AppDelegate.swift; sourceTree = "<group>"; };
		8B5A997A1E5C16680016933F /* Mock_HieuNT52.xcdatamodel */ = {isa = PBXFileReference; lastKnownFileType = wrapper.xcdatamodel; path = Mock_HieuNT52.xcdatamodel; sourceTree = "<group>"; };
		8B5A997C1E5C16680016933F /* Assets.xcassets */ = {isa = PBXFileReference; lastKnownFileType = folder.assetcatalog; path = Assets.xcassets; sourceTree = "<group>"; };
		8B5A997F1E5C16680016933F /* Base */ = {isa = PBXFileReference; lastKnownFileType = file.storyboard; name = Base; path = Base.lproj/LaunchScreen.storyboard; sourceTree = "<group>"; };
		8B5A99811E5C16680016933F /* Info.plist */ = {isa = PBXFileReference; lastKnownFileType = text.plist.xml; path = Info.plist; sourceTree = "<group>"; };
		8B5A99861E5C16680016933F /* Mock_HieuNT52Tests.xctest */ = {isa = PBXFileReference; explicitFileType = wrapper.cfbundle; includeInIndex = 0; path = Mock_HieuNT52Tests.xctest; sourceTree = BUILT_PRODUCTS_DIR; };
		8B5A998A1E5C16680016933F /* Mock_HieuNT52Tests.swift */ = {isa = PBXFileReference; lastKnownFileType = sourcecode.swift; path = Mock_HieuNT52Tests.swift; sourceTree = "<group>"; };
		8B5A998C1E5C16680016933F /* Info.plist */ = {isa = PBXFileReference; lastKnownFileType = text.plist.xml; path = Info.plist; sourceTree = "<group>"; };
		8B5A99911E5C16680016933F /* Mock_HieuNT52UITests.xctest */ = {isa = PBXFileReference; explicitFileType = wrapper.cfbundle; includeInIndex = 0; path = Mock_HieuNT52UITests.xctest; sourceTree = BUILT_PRODUCTS_DIR; };
		8B5A99951E5C16680016933F /* Mock_HieuNT52UITests.swift */ = {isa = PBXFileReference; lastKnownFileType = sourcecode.swift; path = Mock_HieuNT52UITests.swift; sourceTree = "<group>"; };
		8B5A99971E5C16680016933F /* Info.plist */ = {isa = PBXFileReference; lastKnownFileType = text.plist.xml; path = Info.plist; sourceTree = "<group>"; };
		8B5A99AA1E5C1D5B0016933F /* Extension.swift */ = {isa = PBXFileReference; fileEncoding = 4; lastKnownFileType = sourcecode.swift; path = Extension.swift; sourceTree = "<group>"; };
		8B5A99AC1E5C1D970016933F /* CustomTabBarController.swift */ = {isa = PBXFileReference; fileEncoding = 4; lastKnownFileType = sourcecode.swift; path = CustomTabBarController.swift; sourceTree = "<group>"; };
		8B5A99B61E5C1F5D0016933F /* MoviesListController.swift */ = {isa = PBXFileReference; fileEncoding = 4; lastKnownFileType = sourcecode.swift; path = MoviesListController.swift; sourceTree = "<group>"; };
		8B5A99B91E5C228B0016933F /* FavoriteMoviesViewController.swift */ = {isa = PBXFileReference; fileEncoding = 4; lastKnownFileType = sourcecode.swift; path = FavoriteMoviesViewController.swift; sourceTree = "<group>"; };
		8B5A99BB1E5C22970016933F /* SettingController.swift */ = {isa = PBXFileReference; fileEncoding = 4; lastKnownFileType = sourcecode.swift; path = SettingController.swift; sourceTree = "<group>"; };
		8B5A99BD1E5C22A20016933F /* AbboutController.swift */ = {isa = PBXFileReference; fileEncoding = 4; lastKnownFileType = sourcecode.swift; path = AbboutController.swift; sourceTree = "<group>"; };
		8B5A99C21E5C26850016933F /* CellListTypeMovieList.swift */ = {isa = PBXFileReference; fileEncoding = 4; lastKnownFileType = sourcecode.swift; path = CellListTypeMovieList.swift; sourceTree = "<group>"; };
		8B5A99C41E5C7BFB0016933F /* Constants.swift */ = {isa = PBXFileReference; fileEncoding = 4; lastKnownFileType = sourcecode.swift; path = Constants.swift; sourceTree = "<group>"; };
		8B5A99C61E5C7CF20016933F /* DataHandler.swift */ = {isa = PBXFileReference; fileEncoding = 4; lastKnownFileType = sourcecode.swift; path = DataHandler.swift; sourceTree = "<group>"; };
		8B5A99C81E5C7FA50016933F /* Movie.swift */ = {isa = PBXFileReference; fileEncoding = 4; lastKnownFileType = sourcecode.swift; path = Movie.swift; sourceTree = "<group>"; };
		8B5A9A061E5DE7B90016933F /* ViewController+NavBar.swift */ = {isa = PBXFileReference; fileEncoding = 4; lastKnownFileType = sourcecode.swift; path = "ViewController+NavBar.swift"; sourceTree = "<group>"; };
		8B5A9A2A1E5E78350016933F /* CellGridTypeMovie.swift */ = {isa = PBXFileReference; fileEncoding = 4; lastKnownFileType = sourcecode.swift; path = CellGridTypeMovie.swift; sourceTree = "<group>"; };
		8B5A9A2E1E5E8BF70016933F /* Mock_HieuNT52-Bridging-Header.h */ = {isa = PBXFileReference; lastKnownFileType = sourcecode.c.h; path = "Mock_HieuNT52-Bridging-Header.h"; sourceTree = "<group>"; };
		8B5A9A2F1E5E8BF80016933F /* SWRevealViewController.h */ = {isa = PBXFileReference; fileEncoding = 4; lastKnownFileType = sourcecode.c.h; path = SWRevealViewController.h; sourceTree = "<group>"; };
		8B5A9A301E5E8BF80016933F /* SWRevealViewController.m */ = {isa = PBXFileReference; fileEncoding = 4; lastKnownFileType = sourcecode.c.objc; path = SWRevealViewController.m; sourceTree = "<group>"; };
		8B5A9A321E5E8DA20016933F /* UserViewController.swift */ = {isa = PBXFileReference; fileEncoding = 4; lastKnownFileType = sourcecode.swift; path = UserViewController.swift; sourceTree = "<group>"; };
		8BA932101E6D0444004F5170 /* ReminderMovieViewController.swift */ = {isa = PBXFileReference; fileEncoding = 4; lastKnownFileType = sourcecode.swift; path = ReminderMovieViewController.swift; sourceTree = "<group>"; };
		8BA932121E6D04D4004F5170 /* ReminderMovieController.swift */ = {isa = PBXFileReference; fileEncoding = 4; lastKnownFileType = sourcecode.swift; path = ReminderMovieController.swift; sourceTree = "<group>"; };
		8BA932141E6D066F004F5170 /* CellForRowReminderMovie.swift */ = {isa = PBXFileReference; fileEncoding = 4; lastKnownFileType = sourcecode.swift; path = CellForRowReminderMovie.swift; sourceTree = "<group>"; };
		8BA932161E6E8F5F004F5170 /* EditProfileController.swift */ = {isa = PBXFileReference; fileEncoding = 4; lastKnownFileType = sourcecode.swift; path = EditProfileController.swift; sourceTree = "<group>"; };
		8BA932181E6F0C48004F5170 /* User.swift */ = {isa = PBXFileReference; fileEncoding = 4; lastKnownFileType = sourcecode.swift; path = User.swift; sourceTree = "<group>"; };
		8BB43BC21E66BA0E0036E7E6 /* DetailMovieViewController.swift */ = {isa = PBXFileReference; fileEncoding = 4; lastKnownFileType = sourcecode.swift; path = DetailMovieViewController.swift; sourceTree = "<group>"; };
		8BB43BC41E6842160036E7E6 /* Cast.swift */ = {isa = PBXFileReference; fileEncoding = 4; lastKnownFileType = sourcecode.swift; path = Cast.swift; sourceTree = "<group>"; };
		8BB43BC61E6858D80036E7E6 /* Prefix.swift */ = {isa = PBXFileReference; fileEncoding = 4; lastKnownFileType = sourcecode.swift; path = Prefix.swift; sourceTree = "<group>"; };
		8BB43BC81E6863160036E7E6 /* Crew.swift */ = {isa = PBXFileReference; fileEncoding = 4; lastKnownFileType = sourcecode.swift; path = Crew.swift; sourceTree = "<group>"; };
		8BB43BEA1E694B820036E7E6 /* DetailMovieController.swift */ = {isa = PBXFileReference; fileEncoding = 4; lastKnownFileType = sourcecode.swift; path = DetailMovieController.swift; sourceTree = "<group>"; };
		8BB43BF61E695E290036E7E6 /* CoreDataHandler.swift */ = {isa = PBXFileReference; fileEncoding = 4; lastKnownFileType = sourcecode.swift; path = CoreDataHandler.swift; sourceTree = "<group>"; };
/* End PBXFileReference section */

/* Begin PBXFrameworksBuildPhase section */
		8B5A996C1E5C16680016933F /* Frameworks */ = {
			isa = PBXFrameworksBuildPhase;
			buildActionMask = 2147483647;
			files = (
			);
			runOnlyForDeploymentPostprocessing = 0;
		};
		8B5A99831E5C16680016933F /* Frameworks */ = {
			isa = PBXFrameworksBuildPhase;
			buildActionMask = 2147483647;
			files = (
			);
			runOnlyForDeploymentPostprocessing = 0;
		};
		8B5A998E1E5C16680016933F /* Frameworks */ = {
			isa = PBXFrameworksBuildPhase;
			buildActionMask = 2147483647;
			files = (
			);
			runOnlyForDeploymentPostprocessing = 0;
		};
/* End PBXFrameworksBuildPhase section */

/* Begin PBXGroup section */
		8B5A99661E5C16680016933F = {
			isa = PBXGroup;
			children = (
				8B5A99711E5C16680016933F /* Mock_HieuNT52 */,
				8B5A99891E5C16680016933F /* Mock_HieuNT52Tests */,
				8B5A99941E5C16680016933F /* Mock_HieuNT52UITests */,
				8B5A99701E5C16680016933F /* Products */,
			);
			sourceTree = "<group>";
		};
		8B5A99701E5C16680016933F /* Products */ = {
			isa = PBXGroup;
			children = (
				8B5A996F1E5C16680016933F /* Mock_HieuNT52.app */,
				8B5A99861E5C16680016933F /* Mock_HieuNT52Tests.xctest */,
				8B5A99911E5C16680016933F /* Mock_HieuNT52UITests.xctest */,
			);
			name = Products;
			sourceTree = "<group>";
		};
		8B5A99711E5C16680016933F /* Mock_HieuNT52 */ = {
			isa = PBXGroup;
			children = (
				8B5A99721E5C16680016933F /* AppDelegate.swift */,
				8B5A99A91E5C1D5B0016933F /* Extensions */,
				8B5A99A41E5C195B0016933F /* Models */,
				8B5A99A61E5C195B0016933F /* Network */,
				8B5A99A51E5C195B0016933F /* Controllers */,
				8B5A99A71E5C195B0016933F /* Utility */,
				8B5A99A81E5C195B0016933F /* Views */,
				8B5A99A31E5C18790016933F /* SupportingFiles */,
			);
			path = Mock_HieuNT52;
			sourceTree = "<group>";
		};
		8B5A99891E5C16680016933F /* Mock_HieuNT52Tests */ = {
			isa = PBXGroup;
			children = (
				8B5A998A1E5C16680016933F /* Mock_HieuNT52Tests.swift */,
				8B5A998C1E5C16680016933F /* Info.plist */,
			);
			path = Mock_HieuNT52Tests;
			sourceTree = "<group>";
		};
		8B5A99941E5C16680016933F /* Mock_HieuNT52UITests */ = {
			isa = PBXGroup;
			children = (
				8B5A99951E5C16680016933F /* Mock_HieuNT52UITests.swift */,
				8B5A99971E5C16680016933F /* Info.plist */,
			);
			path = Mock_HieuNT52UITests;
			sourceTree = "<group>";
		};
		8B5A99A31E5C18790016933F /* SupportingFiles */ = {
			isa = PBXGroup;
			children = (
				8B5A9A2F1E5E8BF80016933F /* SWRevealViewController.h */,
				8B5A9A301E5E8BF80016933F /* SWRevealViewController.m */,
				8B5A997C1E5C16680016933F /* Assets.xcassets */,
				8B5A997E1E5C16680016933F /* LaunchScreen.storyboard */,
				8B5A99811E5C16680016933F /* Info.plist */,
				8B5A99791E5C16680016933F /* Mock_HieuNT52.xcdatamodeld */,
				8B5A9A2E1E5E8BF70016933F /* Mock_HieuNT52-Bridging-Header.h */,
			);
			name = SupportingFiles;
			sourceTree = "<group>";
		};
		8B5A99A41E5C195B0016933F /* Models */ = {
			isa = PBXGroup;
			children = (
				8BB43BED1E695BE60036E7E6 /* ObjectCoreData */,
				8B5A99C81E5C7FA50016933F /* Movie.swift */,
				8BB43BC41E6842160036E7E6 /* Cast.swift */,
				8BB43BC81E6863160036E7E6 /* Crew.swift */,
				8BB43BF61E695E290036E7E6 /* CoreDataHandler.swift */,
				8BA932181E6F0C48004F5170 /* User.swift */,
			);
			path = Models;
			sourceTree = "<group>";
		};
		8B5A99A51E5C195B0016933F /* Controllers */ = {
			isa = PBXGroup;
			children = (
				8BB43BEA1E694B820036E7E6 /* DetailMovieController.swift */,
				8B34A07B1E6AB955007061D5 /* FavoriteMoviesController.swift */,
				8BA932121E6D04D4004F5170 /* ReminderMovieController.swift */,
				8BA932161E6E8F5F004F5170 /* EditProfileController.swift */,
			);
			path = Controllers;
			sourceTree = "<group>";
		};
		8B5A99A61E5C195B0016933F /* Network */ = {
			isa = PBXGroup;
			children = (
				8B5A99C61E5C7CF20016933F /* DataHandler.swift */,
			);
			path = Network;
			sourceTree = "<group>";
		};
		8B5A99A71E5C195B0016933F /* Utility */ = {
			isa = PBXGroup;
			children = (
				8B5A99C41E5C7BFB0016933F /* Constants.swift */,
				8BB43BC61E6858D80036E7E6 /* Prefix.swift */,
			);
			path = Utility;
			sourceTree = "<group>";
		};
		8B5A99A81E5C195B0016933F /* Views */ = {
			isa = PBXGroup;
			children = (
				8B5A99C11E5C266B0016933F /* Cells */,
				8B5A99AC1E5C1D970016933F /* CustomTabBarController.swift */,
				8B5A99B61E5C1F5D0016933F /* MoviesListController.swift */,
				8B5A99B91E5C228B0016933F /* FavoriteMoviesViewController.swift */,
				8B5A99BB1E5C22970016933F /* SettingController.swift */,
				8B5A99BD1E5C22A20016933F /* AbboutController.swift */,
				8B5A9A061E5DE7B90016933F /* ViewController+NavBar.swift */,
				8B5A9A321E5E8DA20016933F /* UserViewController.swift */,
				8B44E38C1E6420530097A591 /* EditProfileViewController.swift */,
				8BB43BC21E66BA0E0036E7E6 /* DetailMovieViewController.swift */,
				8BA932101E6D0444004F5170 /* ReminderMovieViewController.swift */,
			);
			path = Views;
			sourceTree = "<group>";
		};
		8B5A99A91E5C1D5B0016933F /* Extensions */ = {
			isa = PBXGroup;
			children = (
				8B5A99AA1E5C1D5B0016933F /* Extension.swift */,
			);
			path = Extensions;
			sourceTree = "<group>";
		};
		8B5A99C11E5C266B0016933F /* Cells */ = {
			isa = PBXGroup;
			children = (
				8B5A99C21E5C26850016933F /* CellListTypeMovieList.swift */,
				8B5A9A2A1E5E78350016933F /* CellGridTypeMovie.swift */,
				8B34A0791E6AB4AC007061D5 /* CellForRowTableView.swift */,
				8BA932141E6D066F004F5170 /* CellForRowReminderMovie.swift */,
			);
			path = Cells;
			sourceTree = "<group>";
		};
		8BB43BED1E695BE60036E7E6 /* ObjectCoreData */ = {
			isa = PBXGroup;
			children = (
				8B34A0891E6C2303007061D5 /* ReminderMovies+CoreDataClass.swift */,
				8B34A08A1E6C2303007061D5 /* ReminderMovies+CoreDataProperties.swift */,
				8B34A07D1E6ACD14007061D5 /* FavoriteMovies+CoreDataClass.swift */,
				8B34A07E1E6ACD14007061D5 /* FavoriteMovies+CoreDataProperties.swift */,
			);
			path = ObjectCoreData;
			sourceTree = "<group>";
		};
/* End PBXGroup section */

/* Begin PBXNativeTarget section */
		8B5A996E1E5C16680016933F /* Mock_HieuNT52 */ = {
			isa = PBXNativeTarget;
			buildConfigurationList = 8B5A999A1E5C16680016933F /* Build configuration list for PBXNativeTarget "Mock_HieuNT52" */;
			buildPhases = (
				8B5A996B1E5C16680016933F /* Sources */,
				8B5A996C1E5C16680016933F /* Frameworks */,
				8B5A996D1E5C16680016933F /* Resources */,
			);
			buildRules = (
			);
			dependencies = (
			);
			name = Mock_HieuNT52;
			productName = Mock_HieuNT52;
			productReference = 8B5A996F1E5C16680016933F /* Mock_HieuNT52.app */;
			productType = "com.apple.product-type.application";
		};
		8B5A99851E5C16680016933F /* Mock_HieuNT52Tests */ = {
			isa = PBXNativeTarget;
			buildConfigurationList = 8B5A999D1E5C16680016933F /* Build configuration list for PBXNativeTarget "Mock_HieuNT52Tests" */;
			buildPhases = (
				8B5A99821E5C16680016933F /* Sources */,
				8B5A99831E5C16680016933F /* Frameworks */,
				8B5A99841E5C16680016933F /* Resources */,
			);
			buildRules = (
			);
			dependencies = (
				8B5A99881E5C16680016933F /* PBXTargetDependency */,
			);
			name = Mock_HieuNT52Tests;
			productName = Mock_HieuNT52Tests;
			productReference = 8B5A99861E5C16680016933F /* Mock_HieuNT52Tests.xctest */;
			productType = "com.apple.product-type.bundle.unit-test";
		};
		8B5A99901E5C16680016933F /* Mock_HieuNT52UITests */ = {
			isa = PBXNativeTarget;
			buildConfigurationList = 8B5A99A01E5C16680016933F /* Build configuration list for PBXNativeTarget "Mock_HieuNT52UITests" */;
			buildPhases = (
				8B5A998D1E5C16680016933F /* Sources */,
				8B5A998E1E5C16680016933F /* Frameworks */,
				8B5A998F1E5C16680016933F /* Resources */,
			);
			buildRules = (
			);
			dependencies = (
				8B5A99931E5C16680016933F /* PBXTargetDependency */,
			);
			name = Mock_HieuNT52UITests;
			productName = Mock_HieuNT52UITests;
			productReference = 8B5A99911E5C16680016933F /* Mock_HieuNT52UITests.xctest */;
			productType = "com.apple.product-type.bundle.ui-testing";
		};
/* End PBXNativeTarget section */

/* Begin PBXProject section */
		8B5A99671E5C16680016933F /* Project object */ = {
			isa = PBXProject;
			attributes = {
				LastSwiftUpdateCheck = 0820;
				LastUpgradeCheck = 0820;
				ORGANIZATIONNAME = Developer;
				TargetAttributes = {
					8B5A996E1E5C16680016933F = {
						CreatedOnToolsVersion = 8.2;
						DevelopmentTeam = TR3J5S5CGX;
						LastSwiftMigration = 0820;
						ProvisioningStyle = Automatic;
					};
					8B5A99851E5C16680016933F = {
						CreatedOnToolsVersion = 8.2;
						DevelopmentTeam = TR3J5S5CGX;
						ProvisioningStyle = Automatic;
						TestTargetID = 8B5A996E1E5C16680016933F;
					};
					8B5A99901E5C16680016933F = {
						CreatedOnToolsVersion = 8.2;
						DevelopmentTeam = TR3J5S5CGX;
						ProvisioningStyle = Automatic;
						TestTargetID = 8B5A996E1E5C16680016933F;
					};
				};
			};
			buildConfigurationList = 8B5A996A1E5C16680016933F /* Build configuration list for PBXProject "Mock_HieuNT52" */;
			compatibilityVersion = "Xcode 3.2";
			developmentRegion = English;
			hasScannedForEncodings = 0;
			knownRegions = (
				en,
				Base,
			);
			mainGroup = 8B5A99661E5C16680016933F;
			productRefGroup = 8B5A99701E5C16680016933F /* Products */;
			projectDirPath = "";
			projectRoot = "";
			targets = (
				8B5A996E1E5C16680016933F /* Mock_HieuNT52 */,
				8B5A99851E5C16680016933F /* Mock_HieuNT52Tests */,
				8B5A99901E5C16680016933F /* Mock_HieuNT52UITests */,
			);
		};
/* End PBXProject section */

/* Begin PBXResourcesBuildPhase section */
		8B5A996D1E5C16680016933F /* Resources */ = {
			isa = PBXResourcesBuildPhase;
			buildActionMask = 2147483647;
			files = (
				8B5A99801E5C16680016933F /* LaunchScreen.storyboard in Resources */,
				8B5A997D1E5C16680016933F /* Assets.xcassets in Resources */,
			);
			runOnlyForDeploymentPostprocessing = 0;
		};
		8B5A99841E5C16680016933F /* Resources */ = {
			isa = PBXResourcesBuildPhase;
			buildActionMask = 2147483647;
			files = (
			);
			runOnlyForDeploymentPostprocessing = 0;
		};
		8B5A998F1E5C16680016933F /* Resources */ = {
			isa = PBXResourcesBuildPhase;
			buildActionMask = 2147483647;
			files = (
			);
			runOnlyForDeploymentPostprocessing = 0;
		};
/* End PBXResourcesBuildPhase section */

/* Begin PBXSourcesBuildPhase section */
		8B5A996B1E5C16680016933F /* Sources */ = {
			isa = PBXSourcesBuildPhase;
			buildActionMask = 2147483647;
			files = (
				8B5A99BC1E5C22970016933F /* SettingController.swift in Sources */,
				8BA932131E6D04D4004F5170 /* ReminderMovieController.swift in Sources */,
				8B34A08C1E6C2303007061D5 /* ReminderMovies+CoreDataProperties.swift in Sources */,
				8B5A997B1E5C16680016933F /* Mock_HieuNT52.xcdatamodeld in Sources */,
				8B5A9A311E5E8BF80016933F /* SWRevealViewController.m in Sources */,
				8B5A9A2B1E5E78350016933F /* CellGridTypeMovie.swift in Sources */,
				8B5A99C71E5C7CF20016933F /* DataHandler.swift in Sources */,
				8B5A99BE1E5C22A20016933F /* AbboutController.swift in Sources */,
				8BB43BF71E695E290036E7E6 /* CoreDataHandler.swift in Sources */,
				8B5A99C91E5C7FA50016933F /* Movie.swift in Sources */,
				8BA932111E6D0444004F5170 /* ReminderMovieViewController.swift in Sources */,
				8B34A07C1E6AB955007061D5 /* FavoriteMoviesController.swift in Sources */,
				8B5A99C31E5C26850016933F /* CellListTypeMovieList.swift in Sources */,
				8BA932151E6D066F004F5170 /* CellForRowReminderMovie.swift in Sources */,
				8B44E38D1E6420530097A591 /* EditProfileViewController.swift in Sources */,
				8BB43BC71E6858D80036E7E6 /* Prefix.swift in Sources */,
				8B5A99731E5C16680016933F /* AppDelegate.swift in Sources */,
				8BB43BC51E6842160036E7E6 /* Cast.swift in Sources */,
				8BB43BC31E66BA0E0036E7E6 /* DetailMovieViewController.swift in Sources */,
				8BB43BEB1E694B820036E7E6 /* DetailMovieController.swift in Sources */,
				8B5A99C51E5C7BFB0016933F /* Constants.swift in Sources */,
				8B5A99AE1E5C1D970016933F /* CustomTabBarController.swift in Sources */,
				8B5A99BA1E5C228B0016933F /* FavoriteMoviesViewController.swift in Sources */,
				8B5A99AB1E5C1D5B0016933F /* Extension.swift in Sources */,
				8BA932191E6F0C48004F5170 /* User.swift in Sources */,
				8BB43BC91E6863160036E7E6 /* Crew.swift in Sources */,
				8B5A9A331E5E8DA20016933F /* UserViewController.swift in Sources */,
				8BA932171E6E8F5F004F5170 /* EditProfileController.swift in Sources */,
				8B34A0801E6ACD14007061D5 /* FavoriteMovies+CoreDataProperties.swift in Sources */,
				8B5A99B71E5C1F5D0016933F /* MoviesListController.swift in Sources */,
				8B34A07A1E6AB4AC007061D5 /* CellForRowTableView.swift in Sources */,
				8B34A07F1E6ACD14007061D5 /* FavoriteMovies+CoreDataClass.swift in Sources */,
				8B34A08B1E6C2303007061D5 /* ReminderMovies+CoreDataClass.swift in Sources */,
				8B5A9A071E5DE7B90016933F /* ViewController+NavBar.swift in Sources */,
			);
			runOnlyForDeploymentPostprocessing = 0;
		};
		8B5A99821E5C16680016933F /* Sources */ = {
			isa = PBXSourcesBuildPhase;
			buildActionMask = 2147483647;
			files = (
				8B5A998B1E5C16680016933F /* Mock_HieuNT52Tests.swift in Sources */,
			);
			runOnlyForDeploymentPostprocessing = 0;
		};
		8B5A998D1E5C16680016933F /* Sources */ = {
			isa = PBXSourcesBuildPhase;
			buildActionMask = 2147483647;
			files = (
				8B5A99961E5C16680016933F /* Mock_HieuNT52UITests.swift in Sources */,
			);
			runOnlyForDeploymentPostprocessing = 0;
		};
/* End PBXSourcesBuildPhase section */

/* Begin PBXTargetDependency section */
		8B5A99881E5C16680016933F /* PBXTargetDependency */ = {
			isa = PBXTargetDependency;
			target = 8B5A996E1E5C16680016933F /* Mock_HieuNT52 */;
			targetProxy = 8B5A99871E5C16680016933F /* PBXContainerItemProxy */;
		};
		8B5A99931E5C16680016933F /* PBXTargetDependency */ = {
			isa = PBXTargetDependency;
			target = 8B5A996E1E5C16680016933F /* Mock_HieuNT52 */;
			targetProxy = 8B5A99921E5C16680016933F /* PBXContainerItemProxy */;
		};
/* End PBXTargetDependency section */

/* Begin PBXVariantGroup section */
		8B5A997E1E5C16680016933F /* LaunchScreen.storyboard */ = {
			isa = PBXVariantGroup;
			children = (
				8B5A997F1E5C16680016933F /* Base */,
			);
			name = LaunchScreen.storyboard;
			sourceTree = "<group>";
		};
/* End PBXVariantGroup section */

/* Begin XCBuildConfiguration section */
		8B5A99981E5C16680016933F /* Debug */ = {
			isa = XCBuildConfiguration;
			buildSettings = {
				ALWAYS_SEARCH_USER_PATHS = NO;
				CLANG_ANALYZER_NONNULL = YES;
				CLANG_CXX_LANGUAGE_STANDARD = "gnu++0x";
				CLANG_CXX_LIBRARY = "libc++";
				CLANG_ENABLE_MODULES = YES;
				CLANG_ENABLE_OBJC_ARC = YES;
				CLANG_WARN_BOOL_CONVERSION = YES;
				CLANG_WARN_CONSTANT_CONVERSION = YES;
				CLANG_WARN_DIRECT_OBJC_ISA_USAGE = YES_ERROR;
				CLANG_WARN_DOCUMENTATION_COMMENTS = YES;
				CLANG_WARN_EMPTY_BODY = YES;
				CLANG_WARN_ENUM_CONVERSION = YES;
				CLANG_WARN_INFINITE_RECURSION = YES;
				CLANG_WARN_INT_CONVERSION = YES;
				CLANG_WARN_OBJC_ROOT_CLASS = YES_ERROR;
				CLANG_WARN_SUSPICIOUS_MOVE = YES;
				CLANG_WARN_UNREACHABLE_CODE = YES;
				CLANG_WARN__DUPLICATE_METHOD_MATCH = YES;
				"CODE_SIGN_IDENTITY[sdk=iphoneos*]" = "iPhone Developer";
				COPY_PHASE_STRIP = NO;
				DEBUG_INFORMATION_FORMAT = dwarf;
				ENABLE_STRICT_OBJC_MSGSEND = YES;
				ENABLE_TESTABILITY = YES;
				GCC_C_LANGUAGE_STANDARD = gnu99;
				GCC_DYNAMIC_NO_PIC = NO;
				GCC_NO_COMMON_BLOCKS = YES;
				GCC_OPTIMIZATION_LEVEL = 0;
				GCC_PREPROCESSOR_DEFINITIONS = (
					"DEBUG=1",
					"$(inherited)",
				);
				GCC_WARN_64_TO_32_BIT_CONVERSION = YES;
				GCC_WARN_ABOUT_RETURN_TYPE = YES_ERROR;
				GCC_WARN_UNDECLARED_SELECTOR = YES;
				GCC_WARN_UNINITIALIZED_AUTOS = YES_AGGRESSIVE;
				GCC_WARN_UNUSED_FUNCTION = YES;
				GCC_WARN_UNUSED_VARIABLE = YES;
				IPHONEOS_DEPLOYMENT_TARGET = 10.2;
				MTL_ENABLE_DEBUG_INFO = YES;
				ONLY_ACTIVE_ARCH = YES;
				SDKROOT = iphoneos;
				SWIFT_ACTIVE_COMPILATION_CONDITIONS = DEBUG;
				SWIFT_OPTIMIZATION_LEVEL = "-Onone";
			};
			name = Debug;
		};
		8B5A99991E5C16680016933F /* Release */ = {
			isa = XCBuildConfiguration;
			buildSettings = {
				ALWAYS_SEARCH_USER_PATHS = NO;
				CLANG_ANALYZER_NONNULL = YES;
				CLANG_CXX_LANGUAGE_STANDARD = "gnu++0x";
				CLANG_CXX_LIBRARY = "libc++";
				CLANG_ENABLE_MODULES = YES;
				CLANG_ENABLE_OBJC_ARC = YES;
				CLANG_WARN_BOOL_CONVERSION = YES;
				CLANG_WARN_CONSTANT_CONVERSION = YES;
				CLANG_WARN_DIRECT_OBJC_ISA_USAGE = YES_ERROR;
				CLANG_WARN_DOCUMENTATION_COMMENTS = YES;
				CLANG_WARN_EMPTY_BODY = YES;
				CLANG_WARN_ENUM_CONVERSION = YES;
				CLANG_WARN_INFINITE_RECURSION = YES;
				CLANG_WARN_INT_CONVERSION = YES;
				CLANG_WARN_OBJC_ROOT_CLASS = YES_ERROR;
				CLANG_WARN_SUSPICIOUS_MOVE = YES;
				CLANG_WARN_UNREACHABLE_CODE = YES;
				CLANG_WARN__DUPLICATE_METHOD_MATCH = YES;
				"CODE_SIGN_IDENTITY[sdk=iphoneos*]" = "iPhone Developer";
				COPY_PHASE_STRIP = NO;
				DEBUG_INFORMATION_FORMAT = "dwarf-with-dsym";
				ENABLE_NS_ASSERTIONS = NO;
				ENABLE_STRICT_OBJC_MSGSEND = YES;
				GCC_C_LANGUAGE_STANDARD = gnu99;
				GCC_NO_COMMON_BLOCKS = YES;
				GCC_WARN_64_TO_32_BIT_CONVERSION = YES;
				GCC_WARN_ABOUT_RETURN_TYPE = YES_ERROR;
				GCC_WARN_UNDECLARED_SELECTOR = YES;
				GCC_WARN_UNINITIALIZED_AUTOS = YES_AGGRESSIVE;
				GCC_WARN_UNUSED_FUNCTION = YES;
				GCC_WARN_UNUSED_VARIABLE = YES;
				IPHONEOS_DEPLOYMENT_TARGET = 10.2;
				MTL_ENABLE_DEBUG_INFO = NO;
				SDKROOT = iphoneos;
				SWIFT_OPTIMIZATION_LEVEL = "-Owholemodule";
				VALIDATE_PRODUCT = YES;
			};
			name = Release;
		};
		8B5A999B1E5C16680016933F /* Debug */ = {
			isa = XCBuildConfiguration;
			buildSettings = {
				ASSETCATALOG_COMPILER_APPICON_NAME = AppIcon;
				CLANG_ENABLE_MODULES = YES;
				"CODE_SIGN_IDENTITY[sdk=iphoneos*]" = "iPhone Developer";
				DEVELOPMENT_TEAM = TR3J5S5CGX;
				INFOPLIST_FILE = Mock_HieuNT52/Info.plist;
				LD_RUNPATH_SEARCH_PATHS = "$(inherited) @executable_path/Frameworks";
				PRODUCT_BUNDLE_IDENTIFIER = "hoa-sen.Mock-HieuNT52";
				PRODUCT_NAME = "$(TARGET_NAME)";
				SWIFT_OBJC_BRIDGING_HEADER = "Mock_HieuNT52/Mock_HieuNT52-Bridging-Header.h";
				SWIFT_OPTIMIZATION_LEVEL = "-Onone";
				SWIFT_VERSION = 3.0;
			};
			name = Debug;
		};
		8B5A999C1E5C16680016933F /* Release */ = {
			isa = XCBuildConfiguration;
			buildSettings = {
				ASSETCATALOG_COMPILER_APPICON_NAME = AppIcon;
				CLANG_ENABLE_MODULES = YES;
				"CODE_SIGN_IDENTITY[sdk=iphoneos*]" = "iPhone Developer";
				DEVELOPMENT_TEAM = TR3J5S5CGX;
				INFOPLIST_FILE = Mock_HieuNT52/Info.plist;
				LD_RUNPATH_SEARCH_PATHS = "$(inherited) @executable_path/Frameworks";
				PRODUCT_BUNDLE_IDENTIFIER = "hoa-sen.Mock-HieuNT52";
				PRODUCT_NAME = "$(TARGET_NAME)";
				SWIFT_OBJC_BRIDGING_HEADER = "Mock_HieuNT52/Mock_HieuNT52-Bridging-Header.h";
				SWIFT_VERSION = 3.0;
			};
			name = Release;
		};
		8B5A999E1E5C16680016933F /* Debug */ = {
			isa = XCBuildConfiguration;
			buildSettings = {
				ALWAYS_EMBED_SWIFT_STANDARD_LIBRARIES = YES;
				BUNDLE_LOADER = "$(TEST_HOST)";
				DEVELOPMENT_TEAM = TR3J5S5CGX;
				INFOPLIST_FILE = Mock_HieuNT52Tests/Info.plist;
				LD_RUNPATH_SEARCH_PATHS = "$(inherited) @executable_path/Frameworks @loader_path/Frameworks";
				PRODUCT_BUNDLE_IDENTIFIER = "hoa-sen.Mock-HieuNT52Tests";
				PRODUCT_NAME = "$(TARGET_NAME)";
				SWIFT_VERSION = 3.0;
				TEST_HOST = "$(BUILT_PRODUCTS_DIR)/Mock_HieuNT52.app/Mock_HieuNT52";
			};
			name = Debug;
		};
		8B5A999F1E5C16680016933F /* Release */ = {
			isa = XCBuildConfiguration;
			buildSettings = {
				ALWAYS_EMBED_SWIFT_STANDARD_LIBRARIES = YES;
				BUNDLE_LOADER = "$(TEST_HOST)";
				DEVELOPMENT_TEAM = TR3J5S5CGX;
				INFOPLIST_FILE = Mock_HieuNT52Tests/Info.plist;
				LD_RUNPATH_SEARCH_PATHS = "$(inherited) @executable_path/Frameworks @loader_path/Frameworks";
				PRODUCT_BUNDLE_IDENTIFIER = "hoa-sen.Mock-HieuNT52Tests";
				PRODUCT_NAME = "$(TARGET_NAME)";
				SWIFT_VERSION = 3.0;
				TEST_HOST = "$(BUILT_PRODUCTS_DIR)/Mock_HieuNT52.app/Mock_HieuNT52";
			};
			name = Release;
		};
		8B5A99A11E5C16680016933F /* Debug */ = {
			isa = XCBuildConfiguration;
			buildSettings = {
				ALWAYS_EMBED_SWIFT_STANDARD_LIBRARIES = YES;
				DEVELOPMENT_TEAM = TR3J5S5CGX;
				INFOPLIST_FILE = Mock_HieuNT52UITests/Info.plist;
				LD_RUNPATH_SEARCH_PATHS = "$(inherited) @executable_path/Frameworks @loader_path/Frameworks";
				PRODUCT_BUNDLE_IDENTIFIER = "hoa-sen.Mock-HieuNT52UITests";
				PRODUCT_NAME = "$(TARGET_NAME)";
				SWIFT_VERSION = 3.0;
				TEST_TARGET_NAME = Mock_HieuNT52;
			};
			name = Debug;
		};
		8B5A99A21E5C16680016933F /* Release */ = {
			isa = XCBuildConfiguration;
			buildSettings = {
				ALWAYS_EMBED_SWIFT_STANDARD_LIBRARIES = YES;
				DEVELOPMENT_TEAM = TR3J5S5CGX;
				INFOPLIST_FILE = Mock_HieuNT52UITests/Info.plist;
				LD_RUNPATH_SEARCH_PATHS = "$(inherited) @executable_path/Frameworks @loader_path/Frameworks";
				PRODUCT_BUNDLE_IDENTIFIER = "hoa-sen.Mock-HieuNT52UITests";
				PRODUCT_NAME = "$(TARGET_NAME)";
				SWIFT_VERSION = 3.0;
				TEST_TARGET_NAME = Mock_HieuNT52;
			};
			name = Release;
		};
/* End XCBuildConfiguration section */

/* Begin XCConfigurationList section */
		8B5A996A1E5C16680016933F /* Build configuration list for PBXProject "Mock_HieuNT52" */ = {
			isa = XCConfigurationList;
			buildConfigurations = (
				8B5A99981E5C16680016933F /* Debug */,
				8B5A99991E5C16680016933F /* Release */,
			);
			defaultConfigurationIsVisible = 0;
			defaultConfigurationName = Release;
		};
		8B5A999A1E5C16680016933F /* Build configuration list for PBXNativeTarget "Mock_HieuNT52" */ = {
			isa = XCConfigurationList;
			buildConfigurations = (
				8B5A999B1E5C16680016933F /* Debug */,
				8B5A999C1E5C16680016933F /* Release */,
			);
			defaultConfigurationIsVisible = 0;
			defaultConfigurationName = Release;
		};
		8B5A999D1E5C16680016933F /* Build configuration list for PBXNativeTarget "Mock_HieuNT52Tests" */ = {
			isa = XCConfigurationList;
			buildConfigurations = (
				8B5A999E1E5C16680016933F /* Debug */,
				8B5A999F1E5C16680016933F /* Release */,
			);
			defaultConfigurationIsVisible = 0;
			defaultConfigurationName = Release;
		};
		8B5A99A01E5C16680016933F /* Build configuration list for PBXNativeTarget "Mock_HieuNT52UITests" */ = {
			isa = XCConfigurationList;
			buildConfigurations = (
				8B5A99A11E5C16680016933F /* Debug */,
				8B5A99A21E5C16680016933F /* Release */,
			);
			defaultConfigurationIsVisible = 0;
			defaultConfigurationName = Release;
		};
/* End XCConfigurationList section */

/* Begin XCVersionGroup section */
		8B5A99791E5C16680016933F /* Mock_HieuNT52.xcdatamodeld */ = {
			isa = XCVersionGroup;
			children = (
				8B5A997A1E5C16680016933F /* Mock_HieuNT52.xcdatamodel */,
			);
			currentVersion = 8B5A997A1E5C16680016933F /* Mock_HieuNT52.xcdatamodel */;
			path = Mock_HieuNT52.xcdatamodeld;
			sourceTree = "<group>";
			versionGroupType = wrapper.xcdatamodel;
		};
/* End XCVersionGroup section */
	};
	rootObject = 8B5A99671E5C16680016933F /* Project object */;
}
